
Microsoft Visual Studio Solution File, Format Version 12.00
# Visual Studio Version 17
VisualStudioVersion = 17.14.36429.23
MinimumVisualStudioVersion = 10.0.40219.1
Project("{2150E333-8FDC-42A3-9474-1A3956D46DE8}") = "Task 0", "Task 0", "{36D591C7-65C7-A0D1-1CBC-10CDE441BDC8}"
EndProject
Project("{FAE04EC0-301F-11D3-BF4B-00C04F79EFBC}") = "Tyuiu.SushchikIA.Sprint1.Task0.V14", "Tyuiu.SushchikIA.Sprint1.Task0.V14\Tyuiu.SushchikIA.Sprint1.Task0.V14.csproj", "{51A8C080-8B08-48FF-B238-4DFEEA07E529}"
EndProject
Project("{FAE04EC0-301F-11D3-BF4B-00C04F79EFBC}") = "Tyuiu.SushchikIA.Sprint1.Task0.V14.Lib", "Tyuiu.SushchikIA.Sprint1.Task0.V14.Lib\Tyuiu.SushchikIA.Sprint1.Task0.V14.Lib.csproj", "{570DE20D-BF6B-48B6-B4EE-C985E894D872}"
EndProject
Project("{FAE04EC0-301F-11D3-BF4B-00C04F79EFBC}") = "Tyuiu.SushchikIA.Sprint1.Task0.V14.Test", "Tyuiu.SushchikIA.Sprint1.Task0.V14.Test\Tyuiu.SushchikIA.Sprint1.Task0.V14.Test.csproj", "{E9B018AE-F683-4722-BFEB-A92D29D4E70B}"
EndProject
Project("{2150E333-8FDC-42A3-9474-1A3956D46DE8}") = "Task 1", "Task 1", "{F3BB1264-BC78-4CEB-B84E-28F432B4FF63}"
EndProject
Project("{2150E333-8FDC-42A3-9474-1A3956D46DE8}") = "Task 2", "Task 2", "{A06E1BE5-F970-41E9-9073-C8178275F8F7}"
EndProject
Project("{FAE04EC0-301F-11D3-BF4B-00C04F79EFBC}") = "Tyuiu.SushchikIA.Sprint1.Task2.V17.Lib", "Tyuiu.SushchikIA.Sprint1.Task2.V17.Lib\Tyuiu.SushchikIA.Sprint1.Task2.V17.Lib.csproj", "{A91DB952-C06A-4BCE-98BD-ACBB1144EE6F}"
EndProject
Project("{FAE04EC0-301F-11D3-BF4B-00C04F79EFBC}") = "Tyuiu.SushchikIA.Sprint1.Task2.V17", "Tyuiu.SushchikIA.Sprint1.Task2.V17\Tyuiu.SushchikIA.Sprint1.Task2.V17.csproj", "{7525BC89-698E-4757-AE59-CE4904978B5C}"
EndProject
Project("{FAE04EC0-301F-11D3-BF4B-00C04F79EFBC}") = "Tyuiu.SushchikIA.Sprint1.Task2.V17.Test", "Tyuiu.SushchikIA.Sprint1.Task2.V17.Test\Tyuiu.SushchikIA.Sprint1.Task2.V17.Test.csproj", "{DFC70935-F75B-4078-9A4F-43BBBD2292B1}"
EndProject
Project("{2150E333-8FDC-42A3-9474-1A3956D46DE8}") = "Task 3", "Task 3", "{AE73F738-39BE-4D4A-B66A-F4BF693F5815}"
EndProject
Project("{FAE04EC0-301F-11D3-BF4B-00C04F79EFBC}") = "Tyuiu.SushchikIA.Sprint1.Task3.V17.Test", "Tyuiu.SushchikIA.Sprint1.Task3.V17.Test\Tyuiu.SushchikIA.Sprint1.Task3.V17.Test.csproj", "{7695AF6E-5574-49AF-97C0-B1A5C66A0575}"
EndProject
Project("{FAE04EC0-301F-11D3-BF4B-00C04F79EFBC}") = "Tyuiu.SushchikIA.Sprint1.Task3.V17.Lib", "Tyuiu.SushchikIA.Sprint1.Task3.V17.Lib\Tyuiu.SushchikIA.Sprint1.Task3.V17.Lib.csproj", "{7795AB3A-3EF1-4784-A6B5-D77A3246C5B0}"
EndProject
Project("{FAE04EC0-301F-11D3-BF4B-00C04F79EFBC}") = "Tyuiu.SushchikIA.Sprint1.Task3.V17", "Tyuiu.SushchikIA.Sprint1.Task3.V17\Tyuiu.SushchikIA.Sprint1.Task3.V17.csproj", "{3A046E1E-8584-4504-8225-7F53C493E408}"
EndProject
Global
	GlobalSection(SolutionConfigurationPlatforms) = preSolution
		Debug|Any CPU = Debug|Any CPU
		Release|Any CPU = Release|Any CPU
	EndGlobalSection
	GlobalSection(ProjectConfigurationPlatforms) = postSolution
		{51A8C080-8B08-48FF-B238-4DFEEA07E529}.Debug|Any CPU.ActiveCfg = Debug|Any CPU
		{51A8C080-8B08-48FF-B238-4DFEEA07E529}.Debug|Any CPU.Build.0 = Debug|Any CPU
		{51A8C080-8B08-48FF-B238-4DFEEA07E529}.Release|Any CPU.ActiveCfg = Release|Any CPU
		{51A8C080-8B08-48FF-B238-4DFEEA07E529}.Release|Any CPU.Build.0 = Release|Any CPU
		{570DE20D-BF6B-48B6-B4EE-C985E894D872}.Debug|Any CPU.ActiveCfg = Debug|Any CPU
		{570DE20D-BF6B-48B6-B4EE-C985E894D872}.Debug|Any CPU.Build.0 = Debug|Any CPU
		{570DE20D-BF6B-48B6-B4EE-C985E894D872}.Release|Any CPU.ActiveCfg = Release|Any CPU
		{570DE20D-BF6B-48B6-B4EE-C985E894D872}.Release|Any CPU.Build.0 = Release|Any CPU
		{E9B018AE-F683-4722-BFEB-A92D29D4E70B}.Debug|Any CPU.ActiveCfg = Debug|Any CPU
		{E9B018AE-F683-4722-BFEB-A92D29D4E70B}.Debug|Any CPU.Build.0 = Debug|Any CPU
		{E9B018AE-F683-4722-BFEB-A92D29D4E70B}.Release|Any CPU.ActiveCfg = Release|Any CPU
		{E9B018AE-F683-4722-BFEB-A92D29D4E70B}.Release|Any CPU.Build.0 = Release|Any CPU
		{A91DB952-C06A-4BCE-98BD-ACBB1144EE6F}.Debug|Any CPU.ActiveCfg = Debug|Any CPU
		{A91DB952-C06A-4BCE-98BD-ACBB1144EE6F}.Debug|Any CPU.Build.0 = Debug|Any CPU
		{A91DB952-C06A-4BCE-98BD-ACBB1144EE6F}.Release|Any CPU.ActiveCfg = Release|Any CPU
		{A91DB952-C06A-4BCE-98BD-ACBB1144EE6F}.Release|Any CPU.Build.0 = Release|Any CPU
		{7525BC89-698E-4757-AE59-CE4904978B5C}.Debug|Any CPU.ActiveCfg = Debug|Any CPU
		{7525BC89-698E-4757-AE59-CE4904978B5C}.Debug|Any CPU.Build.0 = Debug|Any CPU
		{7525BC89-698E-4757-AE59-CE4904978B5C}.Release|Any CPU.ActiveCfg = Release|Any CPU
		{7525BC89-698E-4757-AE59-CE4904978B5C}.Release|Any CPU.Build.0 = Release|Any CPU
		{DFC70935-F75B-4078-9A4F-43BBBD2292B1}.Debug|Any CPU.ActiveCfg = Debug|Any CPU
		{DFC70935-F75B-4078-9A4F-43BBBD2292B1}.Debug|Any CPU.Build.0 = Debug|Any CPU
		{DFC70935-F75B-4078-9A4F-43BBBD2292B1}.Release|Any CPU.ActiveCfg = Release|Any CPU
		{DFC70935-F75B-4078-9A4F-43BBBD2292B1}.Release|Any CPU.Build.0 = Release|Any CPU
		{7695AF6E-5574-49AF-97C0-B1A5C66A0575}.Debug|Any CPU.ActiveCfg = Debug|Any CPU
		{7695AF6E-5574-49AF-97C0-B1A5C66A0575}.Debug|Any CPU.Build.0 = Debug|Any CPU
		{7695AF6E-5574-49AF-97C0-B1A5C66A0575}.Release|Any CPU.ActiveCfg = Release|Any CPU
		{7695AF6E-5574-49AF-97C0-B1A5C66A0575}.Release|Any CPU.Build.0 = Release|Any CPU
		{7795AB3A-3EF1-4784-A6B5-D77A3246C5B0}.Debug|Any CPU.ActiveCfg = Debug|Any CPU
		{7795AB3A-3EF1-4784-A6B5-D77A3246C5B0}.Debug|Any CPU.Build.0 = Debug|Any CPU
		{7795AB3A-3EF1-4784-A6B5-D77A3246C5B0}.Release|Any CPU.ActiveCfg = Release|Any CPU
		{7795AB3A-3EF1-4784-A6B5-D77A3246C5B0}.Release|Any CPU.Build.0 = Release|Any CPU
		{3A046E1E-8584-4504-8225-7F53C493E408}.Debug|Any CPU.ActiveCfg = Debug|Any CPU
		{3A046E1E-8584-4504-8225-7F53C493E408}.Debug|Any CPU.Build.0 = Debug|Any CPU
		{3A046E1E-8584-4504-8225-7F53C493E408}.Release|Any CPU.ActiveCfg = Release|Any CPU
		{3A046E1E-8584-4504-8225-7F53C493E408}.Release|Any CPU.Build.0 = Release|Any CPU
	EndGlobalSection
	GlobalSection(SolutionProperties) = preSolution
		HideSolutionNode = FALSE
	EndGlobalSection
	GlobalSection(NestedProjects) = preSolution
		{51A8C080-8B08-48FF-B238-4DFEEA07E529} = {36D591C7-65C7-A0D1-1CBC-10CDE441BDC8}
		{570DE20D-BF6B-48B6-B4EE-C985E894D872} = {36D591C7-65C7-A0D1-1CBC-10CDE441BDC8}
		{E9B018AE-F683-4722-BFEB-A92D29D4E70B} = {36D591C7-65C7-A0D1-1CBC-10CDE441BDC8}
		{A91DB952-C06A-4BCE-98BD-ACBB1144EE6F} = {A06E1BE5-F970-41E9-9073-C8178275F8F7}
		{7525BC89-698E-4757-AE59-CE4904978B5C} = {A06E1BE5-F970-41E9-9073-C8178275F8F7}
		{DFC70935-F75B-4078-9A4F-43BBBD2292B1} = {A06E1BE5-F970-41E9-9073-C8178275F8F7}
		{7695AF6E-5574-49AF-97C0-B1A5C66A0575} = {AE73F738-39BE-4D4A-B66A-F4BF693F5815}
		{7795AB3A-3EF1-4784-A6B5-D77A3246C5B0} = {AE73F738-39BE-4D4A-B66A-F4BF693F5815}
		{3A046E1E-8584-4504-8225-7F53C493E408} = {AE73F738-39BE-4D4A-B66A-F4BF693F5815}
	EndGlobalSection
	GlobalSection(ExtensibilityGlobals) = postSolution
		SolutionGuid = {07C3FED0-344D-44F5-8183-5DE61B6B69C3}
	EndGlobalSection
EndGlobal
